
Microsoft Visual Studio Solution File, Format Version 12.00
# Visual Studio Version 17
VisualStudioVersion = 17.4.33213.308
MinimumVisualStudioVersion = 10.0.40219.1
Project("{FAE04EC0-301F-11D3-BF4B-00C04F79EFBC}") = "CustomDefaultScrollbar", "CustomDefaultScrollbar.csproj", "{B4FFAFBD-EA5E-4798-BAB1-E3494A861E42}"
EndProject
Global
	GlobalSection(SolutionConfigurationPlatforms) = preSolution
		Debug|Any CPU = Debug|Any CPU
		Release|Any CPU = Release|Any CPU
	EndGlobalSection
	GlobalSection(ProjectConfigurationPlatforms) = postSolution
		{B4FFAFBD-EA5E-4798-BAB1-E3494A861E42}.Debug|Any CPU.ActiveCfg = Debug|Any CPU
		{B4FFAFBD-EA5E-4798-BAB1-E3494A861E42}.Debug|Any CPU.Build.0 = Debug|Any CPU
		{B4FFAFBD-EA5E-4798-BAB1-E3494A861E42}.Release|Any CPU.ActiveCfg = Release|Any CPU
		{B4FFAFBD-EA5E-4798-BAB1-E3494A861E42}.Release|Any CPU.Build.0 = Release|Any CPU
	EndGlobalSection
	GlobalSection(SolutionProperties) = preSolution
		HideSolutionNode = FALSE
	EndGlobalSection
	GlobalSection(ExtensibilityGlobals) = postSolution
		SolutionGuid = {C93505DD-D975-4000-93C3-0B78D3EBE91F}
	EndGlobalSection
EndGlobal
