
Microsoft Visual Studio Solution File, Format Version 12.00
# Visual Studio Version 16
VisualStudioVersion = 16.0.31729.503
MinimumVisualStudioVersion = 10.0.40219.1
Project("{FAE04EC0-301F-11D3-BF4B-00C04F79EFBC}") = "Grid_Scrollbar", "Grid_Scrollbar\Grid_Scrollbar.csproj", "{FCC5F73A-CB1F-4939-94C9-9A8D9624B995}"
EndProject
Global
	GlobalSection(SolutionConfigurationPlatforms) = preSolution
		Debug|Any CPU = Debug|Any CPU
		Release|Any CPU = Release|Any CPU
	EndGlobalSection
	GlobalSection(ProjectConfigurationPlatforms) = postSolution
		{FCC5F73A-CB1F-4939-94C9-9A8D9624B995}.Debug|Any CPU.ActiveCfg = Debug|Any CPU
		{FCC5F73A-CB1F-4939-94C9-9A8D9624B995}.Debug|Any CPU.Build.0 = Debug|Any CPU
		{FCC5F73A-CB1F-4939-94C9-9A8D9624B995}.Release|Any CPU.ActiveCfg = Release|Any CPU
		{FCC5F73A-CB1F-4939-94C9-9A8D9624B995}.Release|Any CPU.Build.0 = Release|Any CPU
	EndGlobalSection
	GlobalSection(SolutionProperties) = preSolution
		HideSolutionNode = FALSE
	EndGlobalSection
	GlobalSection(ExtensibilityGlobals) = postSolution
		SolutionGuid = {A8047BFF-D419-430E-832B-CCB88AD682F5}
	EndGlobalSection
EndGlobal
